
Microsoft Visual Studio Solution File, Format Version 12.00
# Visual Studio 15
VisualStudioVersion = 15.0.28307.1267
MinimumVisualStudioVersion = 10.0.40219.1
Project("{FAE04EC0-301F-11D3-BF4B-00C04F79EFBC}") = "WebApplication", "WebApplication\WebApplication.csproj", "{DFF37D04-002C-49D9-AFA6-960BC2BD8CCA}"
EndProject
Global
	GlobalSection(SolutionConfigurationPlatforms) = preSolution
		Debug|Any CPU = Debug|Any CPU
		Release|Any CPU = Release|Any CPU
	EndGlobalSection
	GlobalSection(ProjectConfigurationPlatforms) = postSolution
		{DFF37D04-002C-49D9-AFA6-960BC2BD8CCA}.Debug|Any CPU.ActiveCfg = Debug|Any CPU
		{DFF37D04-002C-49D9-AFA6-960BC2BD8CCA}.Debug|Any CPU.Build.0 = Debug|Any CPU
		{DFF37D04-002C-49D9-AFA6-960BC2BD8CCA}.Release|Any CPU.ActiveCfg = Release|Any CPU
		{DFF37D04-002C-49D9-AFA6-960BC2BD8CCA}.Release|Any CPU.Build.0 = Release|Any CPU
	EndGlobalSection
	GlobalSection(SolutionProperties) = preSolution
		HideSolutionNode = FALSE
	EndGlobalSection
	GlobalSection(ExtensibilityGlobals) = postSolution
		SolutionGuid = {B2117311-1EA8-4FE8-8AB1-A82063B2D006}
	EndGlobalSection
EndGlobal
